
Microsoft Visual Studio Solution File, Format Version 12.00
# Visual Studio Version 17
VisualStudioVersion = 17.3.32825.248
MinimumVisualStudioVersion = 10.0.40219.1
Project("{FAE04EC0-301F-11D3-BF4B-00C04F79EFBC}") = "Peredelanaya_Laba_2_3var", "Peredelanaya_Laba_2_3var\Peredelanaya_Laba_2_3var.csproj", "{AEAF8433-85BC-414C-BA49-5B277F673F23}"
EndProject
Global
	GlobalSection(SolutionConfigurationPlatforms) = preSolution
		Debug|Any CPU = Debug|Any CPU
		Release|Any CPU = Release|Any CPU
	EndGlobalSection
	GlobalSection(ProjectConfigurationPlatforms) = postSolution
		{AEAF8433-85BC-414C-BA49-5B277F673F23}.Debug|Any CPU.ActiveCfg = Debug|Any CPU
		{AEAF8433-85BC-414C-BA49-5B277F673F23}.Debug|Any CPU.Build.0 = Debug|Any CPU
		{AEAF8433-85BC-414C-BA49-5B277F673F23}.Release|Any CPU.ActiveCfg = Release|Any CPU
		{AEAF8433-85BC-414C-BA49-5B277F673F23}.Release|Any CPU.Build.0 = Release|Any CPU
	EndGlobalSection
	GlobalSection(SolutionProperties) = preSolution
		HideSolutionNode = FALSE
	EndGlobalSection
	GlobalSection(ExtensibilityGlobals) = postSolution
		SolutionGuid = {1B874DD0-6A87-48EC-83B6-3AA6EF6E558D}
	EndGlobalSection
EndGlobal
